
Microsoft Visual Studio Solution File, Format Version 12.00
# Visual Studio Version 16
VisualStudioVersion = 16.0.30011.22
MinimumVisualStudioVersion = 10.0.40219.1
Project("{8BC9CEB8-8B4A-11D0-8D11-00A0C91BC942}") = "Lux.Service", "Lux.Service\Lux.Service.vcxproj", "{5B657CCE-4ACE-4F30-8454-15EEC8162FB8}"
EndProject
Project("{8BC9CEB8-8B4A-11D0-8D11-00A0C91BC942}") = "Lux.Configurator", "Lux.Configurator\Lux.Configurator.vcxproj", "{C9873BEC-AD9F-43A3-9D42-5AFE27AA588B}"
EndProject
Project("{C7167F0D-BC9F-4E6E-AFE1-012C56B48DB5}") = "Lux.Package", "Lux.Package\Lux.Package.wapproj", "{A9AE5EDE-1CFF-4957-B1DD-0E9C2A0E9651}"
EndProject
Project("{8BC9CEB8-8B4A-11D0-8D11-00A0C91BC942}") = "Lux.Common.Shared", "Lux.Common.Shared\Lux.Common.Shared.vcxitems", "{D8F51813-9AD5-4489-9F8C-C9C2F64DAC99}"
EndProject
Project("{8BC9CEB8-8B4A-11D0-8D11-00A0C91BC942}") = "Lux.Common.Desktop", "Lux.Common.Desktop\Lux.Common.Desktop.vcxproj", "{35FFF4B4-E554-4F25-A487-EEA99EB3E80C}"
EndProject
Project("{8BC9CEB8-8B4A-11D0-8D11-00A0C91BC942}") = "Lux.Common.Universal", "Lux.Common.Universal\Lux.Common.Universal.vcxproj", "{26A9F882-C502-4F7D-AEFF-1A0450CBC0E7}"
EndProject
Global
	GlobalSection(SharedMSBuildProjectFiles) = preSolution
		Lux.Common.Shared\Lux.Common.Shared.vcxitems*{26a9f882-c502-4f7d-aeff-1a0450cbc0e7}*SharedItemsImports = 4
		Lux.Common.Shared\Lux.Common.Shared.vcxitems*{d8f51813-9ad5-4489-9f8c-c9c2f64dac99}*SharedItemsImports = 9
	EndGlobalSection
	GlobalSection(SolutionConfigurationPlatforms) = preSolution
		Debug|Any CPU = Debug|Any CPU
		Debug|ARM = Debug|ARM
		Debug|ARM64 = Debug|ARM64
		Debug|x64 = Debug|x64
		Debug|x86 = Debug|x86
		Release|Any CPU = Release|Any CPU
		Release|ARM = Release|ARM
		Release|ARM64 = Release|ARM64
		Release|x64 = Release|x64
		Release|x86 = Release|x86
	EndGlobalSection
	GlobalSection(ProjectConfigurationPlatforms) = postSolution
		{5B657CCE-4ACE-4F30-8454-15EEC8162FB8}.Debug|Any CPU.ActiveCfg = Debug|x64
		{5B657CCE-4ACE-4F30-8454-15EEC8162FB8}.Debug|ARM.ActiveCfg = Debug|x64
		{5B657CCE-4ACE-4F30-8454-15EEC8162FB8}.Debug|ARM64.ActiveCfg = Debug|x64
		{5B657CCE-4ACE-4F30-8454-15EEC8162FB8}.Debug|x64.ActiveCfg = Debug|x64
		{5B657CCE-4ACE-4F30-8454-15EEC8162FB8}.Debug|x64.Build.0 = Debug|x64
		{5B657CCE-4ACE-4F30-8454-15EEC8162FB8}.Debug|x86.ActiveCfg = Debug|x64
		{5B657CCE-4ACE-4F30-8454-15EEC8162FB8}.Release|Any CPU.ActiveCfg = Release|x64
		{5B657CCE-4ACE-4F30-8454-15EEC8162FB8}.Release|ARM.ActiveCfg = Release|x64
		{5B657CCE-4ACE-4F30-8454-15EEC8162FB8}.Release|ARM64.ActiveCfg = Release|x64
		{5B657CCE-4ACE-4F30-8454-15EEC8162FB8}.Release|x64.ActiveCfg = Release|x64
		{5B657CCE-4ACE-4F30-8454-15EEC8162FB8}.Release|x64.Build.0 = Release|x64
		{5B657CCE-4ACE-4F30-8454-15EEC8162FB8}.Release|x86.ActiveCfg = Release|x64
		{C9873BEC-AD9F-43A3-9D42-5AFE27AA588B}.Debug|Any CPU.ActiveCfg = Debug|x64
		{C9873BEC-AD9F-43A3-9D42-5AFE27AA588B}.Debug|ARM.ActiveCfg = Debug|x64
		{C9873BEC-AD9F-43A3-9D42-5AFE27AA588B}.Debug|ARM64.ActiveCfg = Debug|x64
		{C9873BEC-AD9F-43A3-9D42-5AFE27AA588B}.Debug|x64.ActiveCfg = Debug|x64
		{C9873BEC-AD9F-43A3-9D42-5AFE27AA588B}.Debug|x64.Build.0 = Debug|x64
		{C9873BEC-AD9F-43A3-9D42-5AFE27AA588B}.Debug|x64.Deploy.0 = Debug|x64
		{C9873BEC-AD9F-43A3-9D42-5AFE27AA588B}.Debug|x86.ActiveCfg = Debug|x64
		{C9873BEC-AD9F-43A3-9D42-5AFE27AA588B}.Release|Any CPU.ActiveCfg = Release|x64
		{C9873BEC-AD9F-43A3-9D42-5AFE27AA588B}.Release|ARM.ActiveCfg = Release|x64
		{C9873BEC-AD9F-43A3-9D42-5AFE27AA588B}.Release|ARM64.ActiveCfg = Release|x64
		{C9873BEC-AD9F-43A3-9D42-5AFE27AA588B}.Release|x64.ActiveCfg = Release|x64
		{C9873BEC-AD9F-43A3-9D42-5AFE27AA588B}.Release|x64.Build.0 = Release|x64
		{C9873BEC-AD9F-43A3-9D42-5AFE27AA588B}.Release|x64.Deploy.0 = Release|x64
		{C9873BEC-AD9F-43A3-9D42-5AFE27AA588B}.Release|x86.ActiveCfg = Release|x64
		{A9AE5EDE-1CFF-4957-B1DD-0E9C2A0E9651}.Debug|Any CPU.ActiveCfg = Debug|Any CPU
		{A9AE5EDE-1CFF-4957-B1DD-0E9C2A0E9651}.Debug|Any CPU.Build.0 = Debug|Any CPU
		{A9AE5EDE-1CFF-4957-B1DD-0E9C2A0E9651}.Debug|Any CPU.Deploy.0 = Debug|Any CPU
		{A9AE5EDE-1CFF-4957-B1DD-0E9C2A0E9651}.Debug|ARM.ActiveCfg = Debug|Any CPU
		{A9AE5EDE-1CFF-4957-B1DD-0E9C2A0E9651}.Debug|ARM.Build.0 = Debug|Any CPU
		{A9AE5EDE-1CFF-4957-B1DD-0E9C2A0E9651}.Debug|ARM.Deploy.0 = Debug|Any CPU
		{A9AE5EDE-1CFF-4957-B1DD-0E9C2A0E9651}.Debug|ARM64.ActiveCfg = Debug|Any CPU
		{A9AE5EDE-1CFF-4957-B1DD-0E9C2A0E9651}.Debug|ARM64.Build.0 = Debug|Any CPU
		{A9AE5EDE-1CFF-4957-B1DD-0E9C2A0E9651}.Debug|ARM64.Deploy.0 = Debug|Any CPU
		{A9AE5EDE-1CFF-4957-B1DD-0E9C2A0E9651}.Debug|x64.ActiveCfg = Debug|x64
		{A9AE5EDE-1CFF-4957-B1DD-0E9C2A0E9651}.Debug|x64.Build.0 = Debug|x64
		{A9AE5EDE-1CFF-4957-B1DD-0E9C2A0E9651}.Debug|x64.Deploy.0 = Debug|x64
		{A9AE5EDE-1CFF-4957-B1DD-0E9C2A0E9651}.Debug|x86.ActiveCfg = Debug|Any CPU
		{A9AE5EDE-1CFF-4957-B1DD-0E9C2A0E9651}.Debug|x86.Build.0 = Debug|Any CPU
		{A9AE5EDE-1CFF-4957-B1DD-0E9C2A0E9651}.Debug|x86.Deploy.0 = Debug|Any CPU
		{A9AE5EDE-1CFF-4957-B1DD-0E9C2A0E9651}.Release|Any CPU.ActiveCfg = Release|Any CPU
		{A9AE5EDE-1CFF-4957-B1DD-0E9C2A0E9651}.Release|Any CPU.Build.0 = Release|Any CPU
		{A9AE5EDE-1CFF-4957-B1DD-0E9C2A0E9651}.Release|Any CPU.Deploy.0 = Release|Any CPU
		{A9AE5EDE-1CFF-4957-B1DD-0E9C2A0E9651}.Release|ARM.ActiveCfg = Release|Any CPU
		{A9AE5EDE-1CFF-4957-B1DD-0E9C2A0E9651}.Release|ARM.Build.0 = Release|Any CPU
		{A9AE5EDE-1CFF-4957-B1DD-0E9C2A0E9651}.Release|ARM.Deploy.0 = Release|Any CPU
		{A9AE5EDE-1CFF-4957-B1DD-0E9C2A0E9651}.Release|ARM64.ActiveCfg = Release|Any CPU
		{A9AE5EDE-1CFF-4957-B1DD-0E9C2A0E9651}.Release|ARM64.Build.0 = Release|Any CPU
		{A9AE5EDE-1CFF-4957-B1DD-0E9C2A0E9651}.Release|ARM64.Deploy.0 = Release|Any CPU
		{A9AE5EDE-1CFF-4957-B1DD-0E9C2A0E9651}.Release|x64.ActiveCfg = Release|x64
		{A9AE5EDE-1CFF-4957-B1DD-0E9C2A0E9651}.Release|x64.Build.0 = Release|x64
		{A9AE5EDE-1CFF-4957-B1DD-0E9C2A0E9651}.Release|x64.Deploy.0 = Release|x64
		{A9AE5EDE-1CFF-4957-B1DD-0E9C2A0E9651}.Release|x86.ActiveCfg = Release|Any CPU
		{A9AE5EDE-1CFF-4957-B1DD-0E9C2A0E9651}.Release|x86.Build.0 = Release|Any CPU
		{A9AE5EDE-1CFF-4957-B1DD-0E9C2A0E9651}.Release|x86.Deploy.0 = Release|Any CPU
		{35FFF4B4-E554-4F25-A487-EEA99EB3E80C}.Debug|Any CPU.ActiveCfg = Debug|x64
		{35FFF4B4-E554-4F25-A487-EEA99EB3E80C}.Debug|ARM.ActiveCfg = Debug|x64
		{35FFF4B4-E554-4F25-A487-EEA99EB3E80C}.Debug|ARM64.ActiveCfg = Debug|x64
		{35FFF4B4-E554-4F25-A487-EEA99EB3E80C}.Debug|x64.ActiveCfg = Debug|x64
		{35FFF4B4-E554-4F25-A487-EEA99EB3E80C}.Debug|x64.Build.0 = Debug|x64
		{35FFF4B4-E554-4F25-A487-EEA99EB3E80C}.Debug|x86.ActiveCfg = Debug|x64
		{35FFF4B4-E554-4F25-A487-EEA99EB3E80C}.Release|Any CPU.ActiveCfg = Release|x64
		{35FFF4B4-E554-4F25-A487-EEA99EB3E80C}.Release|ARM.ActiveCfg = Release|x64
		{35FFF4B4-E554-4F25-A487-EEA99EB3E80C}.Release|ARM64.ActiveCfg = Release|x64
		{35FFF4B4-E554-4F25-A487-EEA99EB3E80C}.Release|x64.ActiveCfg = Release|x64
		{35FFF4B4-E554-4F25-A487-EEA99EB3E80C}.Release|x64.Build.0 = Release|x64
		{35FFF4B4-E554-4F25-A487-EEA99EB3E80C}.Release|x86.ActiveCfg = Release|x64
		{26A9F882-C502-4F7D-AEFF-1A0450CBC0E7}.Debug|Any CPU.ActiveCfg = Debug|x64
		{26A9F882-C502-4F7D-AEFF-1A0450CBC0E7}.Debug|ARM.ActiveCfg = Debug|x64
		{26A9F882-C502-4F7D-AEFF-1A0450CBC0E7}.Debug|ARM64.ActiveCfg = Debug|x64
		{26A9F882-C502-4F7D-AEFF-1A0450CBC0E7}.Debug|x64.ActiveCfg = Debug|x64
		{26A9F882-C502-4F7D-AEFF-1A0450CBC0E7}.Debug|x64.Build.0 = Debug|x64
		{26A9F882-C502-4F7D-AEFF-1A0450CBC0E7}.Debug|x86.ActiveCfg = Debug|x64
		{26A9F882-C502-4F7D-AEFF-1A0450CBC0E7}.Release|Any CPU.ActiveCfg = Release|x64
		{26A9F882-C502-4F7D-AEFF-1A0450CBC0E7}.Release|ARM.ActiveCfg = Release|x64
		{26A9F882-C502-4F7D-AEFF-1A0450CBC0E7}.Release|ARM64.ActiveCfg = Release|x64
		{26A9F882-C502-4F7D-AEFF-1A0450CBC0E7}.Release|x64.ActiveCfg = Release|x64
		{26A9F882-C502-4F7D-AEFF-1A0450CBC0E7}.Release|x64.Build.0 = Release|x64
		{26A9F882-C502-4F7D-AEFF-1A0450CBC0E7}.Release|x86.ActiveCfg = Release|x64
	EndGlobalSection
	GlobalSection(SolutionProperties) = preSolution
		HideSolutionNode = FALSE
	EndGlobalSection
	GlobalSection(ExtensibilityGlobals) = postSolution
		SolutionGuid = {3D5F44E1-6903-4C13-9E7A-C2E03B42F199}
	EndGlobalSection
EndGlobal
