
Microsoft Visual Studio Solution File, Format Version 12.00
# Visual Studio Version 16
VisualStudioVersion = 16.0.30011.22
MinimumVisualStudioVersion = 10.0.40219.1
Project("{8BC9CEB8-8B4A-11D0-8D11-00A0C91BC942}") = "Lux.Service", "Lux.Service\Lux.Service.vcxproj", "{269307F1-54BE-4A4E-ABCF-1DFDE4352EA2}"
EndProject
Project("{8BC9CEB8-8B4A-11D0-8D11-00A0C91BC942}") = "Lux.Shared", "Lux.Shared\Lux.Shared.vcxitems", "{A0CD0794-BE27-4422-9DCE-1E46860C9E45}"
EndProject
Project("{8BC9CEB8-8B4A-11D0-8D11-00A0C91BC942}") = "Lux", "Lux\Lux.vcxproj", "{4D7B3AB8-DDD4-4F60-847A-065D66069210}"
	ProjectSection(ProjectDependencies) = postProject
		{269307F1-54BE-4A4E-ABCF-1DFDE4352EA2} = {269307F1-54BE-4A4E-ABCF-1DFDE4352EA2}
	EndProjectSection
EndProject
Global
	GlobalSection(SharedMSBuildProjectFiles) = preSolution
		Lux.Shared\Lux.Shared.vcxitems*{269307f1-54be-4a4e-abcf-1dfde4352ea2}*SharedItemsImports = 4
		Lux.Shared\Lux.Shared.vcxitems*{4d7b3ab8-ddd4-4f60-847a-065d66069210}*SharedItemsImports = 4
		Lux.Shared\Lux.Shared.vcxitems*{a0cd0794-be27-4422-9dce-1e46860c9e45}*SharedItemsImports = 9
	EndGlobalSection
	GlobalSection(SolutionConfigurationPlatforms) = preSolution
		Debug|Any CPU = Debug|Any CPU
		Debug|ARM = Debug|ARM
		Debug|ARM64 = Debug|ARM64
		Debug|x64 = Debug|x64
		Debug|x86 = Debug|x86
		Release|Any CPU = Release|Any CPU
		Release|ARM = Release|ARM
		Release|ARM64 = Release|ARM64
		Release|x64 = Release|x64
		Release|x86 = Release|x86
	EndGlobalSection
	GlobalSection(ProjectConfigurationPlatforms) = postSolution
		{269307F1-54BE-4A4E-ABCF-1DFDE4352EA2}.Debug|Any CPU.ActiveCfg = Debug|Win32
		{269307F1-54BE-4A4E-ABCF-1DFDE4352EA2}.Debug|ARM.ActiveCfg = Debug|Win32
		{269307F1-54BE-4A4E-ABCF-1DFDE4352EA2}.Debug|ARM64.ActiveCfg = Debug|Win32
		{269307F1-54BE-4A4E-ABCF-1DFDE4352EA2}.Debug|x64.ActiveCfg = Debug|x64
		{269307F1-54BE-4A4E-ABCF-1DFDE4352EA2}.Debug|x64.Build.0 = Debug|x64
		{269307F1-54BE-4A4E-ABCF-1DFDE4352EA2}.Debug|x86.ActiveCfg = Debug|Win32
		{269307F1-54BE-4A4E-ABCF-1DFDE4352EA2}.Debug|x86.Build.0 = Debug|Win32
		{269307F1-54BE-4A4E-ABCF-1DFDE4352EA2}.Release|Any CPU.ActiveCfg = Release|Win32
		{269307F1-54BE-4A4E-ABCF-1DFDE4352EA2}.Release|ARM.ActiveCfg = Release|Win32
		{269307F1-54BE-4A4E-ABCF-1DFDE4352EA2}.Release|ARM64.ActiveCfg = Release|Win32
		{269307F1-54BE-4A4E-ABCF-1DFDE4352EA2}.Release|x64.ActiveCfg = Release|x64
		{269307F1-54BE-4A4E-ABCF-1DFDE4352EA2}.Release|x64.Build.0 = Release|x64
		{269307F1-54BE-4A4E-ABCF-1DFDE4352EA2}.Release|x86.ActiveCfg = Release|Win32
		{269307F1-54BE-4A4E-ABCF-1DFDE4352EA2}.Release|x86.Build.0 = Release|Win32
		{4D7B3AB8-DDD4-4F60-847A-065D66069210}.Debug|Any CPU.ActiveCfg = Debug|Win32
		{4D7B3AB8-DDD4-4F60-847A-065D66069210}.Debug|ARM.ActiveCfg = Debug|ARM
		{4D7B3AB8-DDD4-4F60-847A-065D66069210}.Debug|ARM.Build.0 = Debug|ARM
		{4D7B3AB8-DDD4-4F60-847A-065D66069210}.Debug|ARM.Deploy.0 = Debug|ARM
		{4D7B3AB8-DDD4-4F60-847A-065D66069210}.Debug|ARM64.ActiveCfg = Debug|ARM64
		{4D7B3AB8-DDD4-4F60-847A-065D66069210}.Debug|ARM64.Build.0 = Debug|ARM64
		{4D7B3AB8-DDD4-4F60-847A-065D66069210}.Debug|ARM64.Deploy.0 = Debug|ARM64
		{4D7B3AB8-DDD4-4F60-847A-065D66069210}.Debug|x64.ActiveCfg = Debug|x64
		{4D7B3AB8-DDD4-4F60-847A-065D66069210}.Debug|x64.Build.0 = Debug|x64
		{4D7B3AB8-DDD4-4F60-847A-065D66069210}.Debug|x64.Deploy.0 = Debug|x64
		{4D7B3AB8-DDD4-4F60-847A-065D66069210}.Debug|x86.ActiveCfg = Debug|Win32
		{4D7B3AB8-DDD4-4F60-847A-065D66069210}.Debug|x86.Build.0 = Debug|Win32
		{4D7B3AB8-DDD4-4F60-847A-065D66069210}.Debug|x86.Deploy.0 = Debug|Win32
		{4D7B3AB8-DDD4-4F60-847A-065D66069210}.Release|Any CPU.ActiveCfg = Release|Win32
		{4D7B3AB8-DDD4-4F60-847A-065D66069210}.Release|ARM.ActiveCfg = Release|ARM
		{4D7B3AB8-DDD4-4F60-847A-065D66069210}.Release|ARM.Build.0 = Release|ARM
		{4D7B3AB8-DDD4-4F60-847A-065D66069210}.Release|ARM.Deploy.0 = Release|ARM
		{4D7B3AB8-DDD4-4F60-847A-065D66069210}.Release|ARM64.ActiveCfg = Release|ARM64
		{4D7B3AB8-DDD4-4F60-847A-065D66069210}.Release|ARM64.Build.0 = Release|ARM64
		{4D7B3AB8-DDD4-4F60-847A-065D66069210}.Release|ARM64.Deploy.0 = Release|ARM64
		{4D7B3AB8-DDD4-4F60-847A-065D66069210}.Release|x64.ActiveCfg = Release|x64
		{4D7B3AB8-DDD4-4F60-847A-065D66069210}.Release|x64.Build.0 = Release|x64
		{4D7B3AB8-DDD4-4F60-847A-065D66069210}.Release|x64.Deploy.0 = Release|x64
		{4D7B3AB8-DDD4-4F60-847A-065D66069210}.Release|x86.ActiveCfg = Release|Win32
		{4D7B3AB8-DDD4-4F60-847A-065D66069210}.Release|x86.Build.0 = Release|Win32
		{4D7B3AB8-DDD4-4F60-847A-065D66069210}.Release|x86.Deploy.0 = Release|Win32
	EndGlobalSection
	GlobalSection(SolutionProperties) = preSolution
		HideSolutionNode = FALSE
	EndGlobalSection
	GlobalSection(ExtensibilityGlobals) = postSolution
		SolutionGuid = {3D5F44E1-6903-4C13-9E7A-C2E03B42F199}
	EndGlobalSection
EndGlobal
